Microsoft Visual Studio Solution File, Format Version 8.00
Project("{8BC9CEB8-8B4A-11D0-8D11-00A0C91BC942}") = "AsyncIoTest", "AsyncIoTest.vcproj", "{480E42E1-D4D6-4AAB-934C-6DFB768FFA59}"
	ProjectSection(ProjectDependencies) = postProject
	EndProjectSection
EndProject
Global
	GlobalSection(SolutionConfiguration) = preSolution
		Debug = Debug
		Release = Release
	EndGlobalSection
	GlobalSection(ProjectConfiguration) = postSolution
		{480E42E1-D4D6-4AAB-934C-6DFB768FFA59}.Debug.ActiveCfg = Debug|Win32
		{480E42E1-D4D6-4AAB-934C-6DFB768FFA59}.Debug.Build.0 = Debug|Win32
		{480E42E1-D4D6-4AAB-934C-6DFB768FFA59}.Release.ActiveCfg = Release|Win32
		{480E42E1-D4D6-4AAB-934C-6DFB768FFA59}.Release.Build.0 = Release|Win32
	EndGlobalSection
	GlobalSection(ExtensibilityGlobals) = postSolution
	EndGlobalSection
	GlobalSection(ExtensibilityAddIns) = postSolution
	EndGlobalSection
EndGlobal
