Microsoft Visual Studio Solution File, Format Version 9.00
# Visual Studio 2005
Project("{8BC9CEB8-8B4A-11D0-8D11-00A0C91BC942}") = "AsyncIoTest", "AsyncIoTest.vcproj", "{480E42E1-D4D6-4AAB-934C-6DFB768FFA59}"
EndProject
Global
	GlobalSection(SolutionConfigurationPlatforms) = preSolution
		Debug|Win32 = Debug|Win32
		Release|Win32 = Release|Win32
	EndGlobalSection
	GlobalSection(ProjectConfigurationPlatforms) = postSolution
		{480E42E1-D4D6-4AAB-934C-6DFB768FFA59}.Debug|Win32.ActiveCfg = Debug|Win32
		{480E42E1-D4D6-4AAB-934C-6DFB768FFA59}.Debug|Win32.Build.0 = Debug|Win32
		{480E42E1-D4D6-4AAB-934C-6DFB768FFA59}.Release|Win32.ActiveCfg = Release|Win32
		{480E42E1-D4D6-4AAB-934C-6DFB768FFA59}.Release|Win32.Build.0 = Release|Win32
	EndGlobalSection
	GlobalSection(SolutionProperties) = preSolution
		HideSolutionNode = FALSE
	EndGlobalSection
EndGlobal
